
Microsoft Visual Studio Solution File, Format Version 12.00
# Visual Studio Version 17
VisualStudioVersion = 17.0.31903.59
MinimumVisualStudioVersion = 10.0.40219.1
Project("{2150E333-8FDC-42A3-9474-1A3956D46DE8}") = "src", "src", "{827E0CD3-B72D-47B6-A68D-7590B98EB39B}"
EndProject
Project("{2150E333-8FDC-42A3-9474-1A3956D46DE8}") = "Services", "Services", "{984BB9B3-3FA3-BE33-9484-CAC21695A33C}"
EndProject
Project("{2150E333-8FDC-42A3-9474-1A3956D46DE8}") = "WebUIs", "WebUIs", "{2313983C-1317-952D-92FE-B695B265D59A}"
EndProject
Project("{FAE04EC0-301F-11D3-BF4B-00C04F79EFBC}") = "Auctify.WebApp", "src\WebUIs\Auctify.WebApp\Auctify.WebApp.csproj", "{782E17FE-A561-48C0-A813-EC01FD77D066}"
EndProject
Project("{2150E333-8FDC-42A3-9474-1A3956D46DE8}") = "Libraries", "Libraries", "{5E7EC0AF-E837-5B7A-FB41-A4DCCA877D1F}"
EndProject
Project("{FAE04EC0-301F-11D3-BF4B-00C04F79EFBC}") = "Auctify.Libraries.Domain.Abstractions", "src\Libraries\Auctify.Libraries.Domain.Abstractions\Auctify.Libraries.Domain.Abstractions.csproj", "{AB07D138-F182-4F86-83F3-CEEF8630D12F}"
EndProject
Project("{2150E333-8FDC-42A3-9474-1A3956D46DE8}") = "CatalogService", "CatalogService", "{09734656-93E7-93B1-A2F5-3066A08F773B}"
EndProject
Project("{FAE04EC0-301F-11D3-BF4B-00C04F79EFBC}") = "Auctify.CatalogService.Domain", "src\Services\CatalogService\Auctify.CatalogService.Domain\Auctify.CatalogService.Domain.csproj", "{829C62CF-A611-4832-A8C5-4DD6BCBB1424}"
EndProject
Project("{FAE04EC0-301F-11D3-BF4B-00C04F79EFBC}") = "Auctify.CatalogService.Application", "src\Services\CatalogService\Auctify.CatalogService.Application\Auctify.CatalogService.Application.csproj", "{C272D6B7-34F6-4FC3-9E2D-210633FE1707}"
EndProject
Project("{FAE04EC0-301F-11D3-BF4B-00C04F79EFBC}") = "Auctify.CatalogService.Infrastructure", "src\Services\CatalogService\Auctify.CatalogService.Infrastructure\Auctify.CatalogService.Infrastructure.csproj", "{9B409B65-CA6D-45E9-9FFC-6F540B1562B2}"
EndProject
Project("{FAE04EC0-301F-11D3-BF4B-00C04F79EFBC}") = "Auctify.CatalogService.WebAPI", "src\Services\CatalogService\Auctify.CatalogService.WebAPI\Auctify.CatalogService.WebAPI.csproj", "{DAF4F5B6-5686-453D-9A8D-DABD48AF4FFE}"
EndProject
Project("{2150E333-8FDC-42A3-9474-1A3956D46DE8}") = "BiddingService", "BiddingService", "{02EA681E-C7D8-13C7-8484-4AC65E1B71E8}"
EndProject
Project("{FAE04EC0-301F-11D3-BF4B-00C04F79EFBC}") = "Auctify.BiddingService.WebAPI", "src\Services\BiddingService\Auctify.BiddingService.WebAPI\Auctify.BiddingService.WebAPI.csproj", "{2DB34A1D-AA95-4E72-B078-8990838DF930}"
EndProject
Project("{FAE04EC0-301F-11D3-BF4B-00C04F79EFBC}") = "Auctify.Libraries.Shared.Contracts", "src\Libraries\Auctify.Libraries.Shared.Contracts\Auctify.Libraries.Shared.Contracts.csproj", "{ACBDC496-EC72-463C-A751-E96CCD755E97}"
EndProject
Global
	GlobalSection(SolutionConfigurationPlatforms) = preSolution
		Debug|Any CPU = Debug|Any CPU
		Debug|x64 = Debug|x64
		Debug|x86 = Debug|x86
		Release|Any CPU = Release|Any CPU
		Release|x64 = Release|x64
		Release|x86 = Release|x86
	EndGlobalSection
	GlobalSection(ProjectConfigurationPlatforms) = postSolution
		{782E17FE-A561-48C0-A813-EC01FD77D066}.Debug|Any CPU.ActiveCfg = Debug|Any CPU
		{782E17FE-A561-48C0-A813-EC01FD77D066}.Debug|Any CPU.Build.0 = Debug|Any CPU
		{782E17FE-A561-48C0-A813-EC01FD77D066}.Debug|x64.ActiveCfg = Debug|Any CPU
		{782E17FE-A561-48C0-A813-EC01FD77D066}.Debug|x64.Build.0 = Debug|Any CPU
		{782E17FE-A561-48C0-A813-EC01FD77D066}.Debug|x86.ActiveCfg = Debug|Any CPU
		{782E17FE-A561-48C0-A813-EC01FD77D066}.Debug|x86.Build.0 = Debug|Any CPU
		{782E17FE-A561-48C0-A813-EC01FD77D066}.Release|Any CPU.ActiveCfg = Release|Any CPU
		{782E17FE-A561-48C0-A813-EC01FD77D066}.Release|Any CPU.Build.0 = Release|Any CPU
		{782E17FE-A561-48C0-A813-EC01FD77D066}.Release|x64.ActiveCfg = Release|Any CPU
		{782E17FE-A561-48C0-A813-EC01FD77D066}.Release|x64.Build.0 = Release|Any CPU
		{782E17FE-A561-48C0-A813-EC01FD77D066}.Release|x86.ActiveCfg = Release|Any CPU
		{782E17FE-A561-48C0-A813-EC01FD77D066}.Release|x86.Build.0 = Release|Any CPU
		{AB07D138-F182-4F86-83F3-CEEF8630D12F}.Debug|Any CPU.ActiveCfg = Debug|Any CPU
		{AB07D138-F182-4F86-83F3-CEEF8630D12F}.Debug|Any CPU.Build.0 = Debug|Any CPU
		{AB07D138-F182-4F86-83F3-CEEF8630D12F}.Debug|x64.ActiveCfg = Debug|Any CPU
		{AB07D138-F182-4F86-83F3-CEEF8630D12F}.Debug|x64.Build.0 = Debug|Any CPU
		{AB07D138-F182-4F86-83F3-CEEF8630D12F}.Debug|x86.ActiveCfg = Debug|Any CPU
		{AB07D138-F182-4F86-83F3-CEEF8630D12F}.Debug|x86.Build.0 = Debug|Any CPU
		{AB07D138-F182-4F86-83F3-CEEF8630D12F}.Release|Any CPU.ActiveCfg = Release|Any CPU
		{AB07D138-F182-4F86-83F3-CEEF8630D12F}.Release|Any CPU.Build.0 = Release|Any CPU
		{AB07D138-F182-4F86-83F3-CEEF8630D12F}.Release|x64.ActiveCfg = Release|Any CPU
		{AB07D138-F182-4F86-83F3-CEEF8630D12F}.Release|x64.Build.0 = Release|Any CPU
		{AB07D138-F182-4F86-83F3-CEEF8630D12F}.Release|x86.ActiveCfg = Release|Any CPU
		{AB07D138-F182-4F86-83F3-CEEF8630D12F}.Release|x86.Build.0 = Release|Any CPU
		{829C62CF-A611-4832-A8C5-4DD6BCBB1424}.Debug|Any CPU.ActiveCfg = Debug|Any CPU
		{829C62CF-A611-4832-A8C5-4DD6BCBB1424}.Debug|Any CPU.Build.0 = Debug|Any CPU
		{829C62CF-A611-4832-A8C5-4DD6BCBB1424}.Debug|x64.ActiveCfg = Debug|Any CPU
		{829C62CF-A611-4832-A8C5-4DD6BCBB1424}.Debug|x64.Build.0 = Debug|Any CPU
		{829C62CF-A611-4832-A8C5-4DD6BCBB1424}.Debug|x86.ActiveCfg = Debug|Any CPU
		{829C62CF-A611-4832-A8C5-4DD6BCBB1424}.Debug|x86.Build.0 = Debug|Any CPU
		{829C62CF-A611-4832-A8C5-4DD6BCBB1424}.Release|Any CPU.ActiveCfg = Release|Any CPU
		{829C62CF-A611-4832-A8C5-4DD6BCBB1424}.Release|Any CPU.Build.0 = Release|Any CPU
		{829C62CF-A611-4832-A8C5-4DD6BCBB1424}.Release|x64.ActiveCfg = Release|Any CPU
		{829C62CF-A611-4832-A8C5-4DD6BCBB1424}.Release|x64.Build.0 = Release|Any CPU
		{829C62CF-A611-4832-A8C5-4DD6BCBB1424}.Release|x86.ActiveCfg = Release|Any CPU
		{829C62CF-A611-4832-A8C5-4DD6BCBB1424}.Release|x86.Build.0 = Release|Any CPU
		{C272D6B7-34F6-4FC3-9E2D-210633FE1707}.Debug|Any CPU.ActiveCfg = Debug|Any CPU
		{C272D6B7-34F6-4FC3-9E2D-210633FE1707}.Debug|Any CPU.Build.0 = Debug|Any CPU
		{C272D6B7-34F6-4FC3-9E2D-210633FE1707}.Debug|x64.ActiveCfg = Debug|Any CPU
		{C272D6B7-34F6-4FC3-9E2D-210633FE1707}.Debug|x64.Build.0 = Debug|Any CPU
		{C272D6B7-34F6-4FC3-9E2D-210633FE1707}.Debug|x86.ActiveCfg = Debug|Any CPU
		{C272D6B7-34F6-4FC3-9E2D-210633FE1707}.Debug|x86.Build.0 = Debug|Any CPU
		{C272D6B7-34F6-4FC3-9E2D-210633FE1707}.Release|Any CPU.ActiveCfg = Release|Any CPU
		{C272D6B7-34F6-4FC3-9E2D-210633FE1707}.Release|Any CPU.Build.0 = Release|Any CPU
		{C272D6B7-34F6-4FC3-9E2D-210633FE1707}.Release|x64.ActiveCfg = Release|Any CPU
		{C272D6B7-34F6-4FC3-9E2D-210633FE1707}.Release|x64.Build.0 = Release|Any CPU
		{C272D6B7-34F6-4FC3-9E2D-210633FE1707}.Release|x86.ActiveCfg = Release|Any CPU
		{C272D6B7-34F6-4FC3-9E2D-210633FE1707}.Release|x86.Build.0 = Release|Any CPU
		{9B409B65-CA6D-45E9-9FFC-6F540B1562B2}.Debug|Any CPU.ActiveCfg = Debug|Any CPU
		{9B409B65-CA6D-45E9-9FFC-6F540B1562B2}.Debug|Any CPU.Build.0 = Debug|Any CPU
		{9B409B65-CA6D-45E9-9FFC-6F540B1562B2}.Debug|x64.ActiveCfg = Debug|Any CPU
		{9B409B65-CA6D-45E9-9FFC-6F540B1562B2}.Debug|x64.Build.0 = Debug|Any CPU
		{9B409B65-CA6D-45E9-9FFC-6F540B1562B2}.Debug|x86.ActiveCfg = Debug|Any CPU
		{9B409B65-CA6D-45E9-9FFC-6F540B1562B2}.Debug|x86.Build.0 = Debug|Any CPU
		{9B409B65-CA6D-45E9-9FFC-6F540B1562B2}.Release|Any CPU.ActiveCfg = Release|Any CPU
		{9B409B65-CA6D-45E9-9FFC-6F540B1562B2}.Release|Any CPU.Build.0 = Release|Any CPU
		{9B409B65-CA6D-45E9-9FFC-6F540B1562B2}.Release|x64.ActiveCfg = Release|Any CPU
		{9B409B65-CA6D-45E9-9FFC-6F540B1562B2}.Release|x64.Build.0 = Release|Any CPU
		{9B409B65-CA6D-45E9-9FFC-6F540B1562B2}.Release|x86.ActiveCfg = Release|Any CPU
		{9B409B65-CA6D-45E9-9FFC-6F540B1562B2}.Release|x86.Build.0 = Release|Any CPU
		{DAF4F5B6-5686-453D-9A8D-DABD48AF4FFE}.Debug|Any CPU.ActiveCfg = Debug|Any CPU
		{DAF4F5B6-5686-453D-9A8D-DABD48AF4FFE}.Debug|Any CPU.Build.0 = Debug|Any CPU
		{DAF4F5B6-5686-453D-9A8D-DABD48AF4FFE}.Debug|x64.ActiveCfg = Debug|Any CPU
		{DAF4F5B6-5686-453D-9A8D-DABD48AF4FFE}.Debug|x64.Build.0 = Debug|Any CPU
		{DAF4F5B6-5686-453D-9A8D-DABD48AF4FFE}.Debug|x86.ActiveCfg = Debug|Any CPU
		{DAF4F5B6-5686-453D-9A8D-DABD48AF4FFE}.Debug|x86.Build.0 = Debug|Any CPU
		{DAF4F5B6-5686-453D-9A8D-DABD48AF4FFE}.Release|Any CPU.ActiveCfg = Release|Any CPU
		{DAF4F5B6-5686-453D-9A8D-DABD48AF4FFE}.Release|Any CPU.Build.0 = Release|Any CPU
		{DAF4F5B6-5686-453D-9A8D-DABD48AF4FFE}.Release|x64.ActiveCfg = Release|Any CPU
		{DAF4F5B6-5686-453D-9A8D-DABD48AF4FFE}.Release|x64.Build.0 = Release|Any CPU
		{DAF4F5B6-5686-453D-9A8D-DABD48AF4FFE}.Release|x86.ActiveCfg = Release|Any CPU
		{DAF4F5B6-5686-453D-9A8D-DABD48AF4FFE}.Release|x86.Build.0 = Release|Any CPU
		{2DB34A1D-AA95-4E72-B078-8990838DF930}.Debug|Any CPU.ActiveCfg = Debug|Any CPU
		{2DB34A1D-AA95-4E72-B078-8990838DF930}.Debug|Any CPU.Build.0 = Debug|Any CPU
		{2DB34A1D-AA95-4E72-B078-8990838DF930}.Debug|x64.ActiveCfg = Debug|Any CPU
		{2DB34A1D-AA95-4E72-B078-8990838DF930}.Debug|x64.Build.0 = Debug|Any CPU
		{2DB34A1D-AA95-4E72-B078-8990838DF930}.Debug|x86.ActiveCfg = Debug|Any CPU
		{2DB34A1D-AA95-4E72-B078-8990838DF930}.Debug|x86.Build.0 = Debug|Any CPU
		{2DB34A1D-AA95-4E72-B078-8990838DF930}.Release|Any CPU.ActiveCfg = Release|Any CPU
		{2DB34A1D-AA95-4E72-B078-8990838DF930}.Release|Any CPU.Build.0 = Release|Any CPU
		{2DB34A1D-AA95-4E72-B078-8990838DF930}.Release|x64.ActiveCfg = Release|Any CPU
		{2DB34A1D-AA95-4E72-B078-8990838DF930}.Release|x64.Build.0 = Release|Any CPU
		{2DB34A1D-AA95-4E72-B078-8990838DF930}.Release|x86.ActiveCfg = Release|Any CPU
		{2DB34A1D-AA95-4E72-B078-8990838DF930}.Release|x86.Build.0 = Release|Any CPU
		{ACBDC496-EC72-463C-A751-E96CCD755E97}.Debug|Any CPU.ActiveCfg = Debug|Any CPU
		{ACBDC496-EC72-463C-A751-E96CCD755E97}.Debug|Any CPU.Build.0 = Debug|Any CPU
		{ACBDC496-EC72-463C-A751-E96CCD755E97}.Debug|x64.ActiveCfg = Debug|Any CPU
		{ACBDC496-EC72-463C-A751-E96CCD755E97}.Debug|x64.Build.0 = Debug|Any CPU
		{ACBDC496-EC72-463C-A751-E96CCD755E97}.Debug|x86.ActiveCfg = Debug|Any CPU
		{ACBDC496-EC72-463C-A751-E96CCD755E97}.Debug|x86.Build.0 = Debug|Any CPU
		{ACBDC496-EC72-463C-A751-E96CCD755E97}.Release|Any CPU.ActiveCfg = Release|Any CPU
		{ACBDC496-EC72-463C-A751-E96CCD755E97}.Release|Any CPU.Build.0 = Release|Any CPU
		{ACBDC496-EC72-463C-A751-E96CCD755E97}.Release|x64.ActiveCfg = Release|Any CPU
		{ACBDC496-EC72-463C-A751-E96CCD755E97}.Release|x64.Build.0 = Release|Any CPU
		{ACBDC496-EC72-463C-A751-E96CCD755E97}.Release|x86.ActiveCfg = Release|Any CPU
		{ACBDC496-EC72-463C-A751-E96CCD755E97}.Release|x86.Build.0 = Release|Any CPU
	EndGlobalSection
	GlobalSection(SolutionProperties) = preSolution
		HideSolutionNode = FALSE
	EndGlobalSection
	GlobalSection(NestedProjects) = preSolution
		{984BB9B3-3FA3-BE33-9484-CAC21695A33C} = {827E0CD3-B72D-47B6-A68D-7590B98EB39B}
		{2313983C-1317-952D-92FE-B695B265D59A} = {827E0CD3-B72D-47B6-A68D-7590B98EB39B}
		{782E17FE-A561-48C0-A813-EC01FD77D066} = {2313983C-1317-952D-92FE-B695B265D59A}
		{5E7EC0AF-E837-5B7A-FB41-A4DCCA877D1F} = {827E0CD3-B72D-47B6-A68D-7590B98EB39B}
		{AB07D138-F182-4F86-83F3-CEEF8630D12F} = {5E7EC0AF-E837-5B7A-FB41-A4DCCA877D1F}
		{09734656-93E7-93B1-A2F5-3066A08F773B} = {984BB9B3-3FA3-BE33-9484-CAC21695A33C}
		{829C62CF-A611-4832-A8C5-4DD6BCBB1424} = {09734656-93E7-93B1-A2F5-3066A08F773B}
		{C272D6B7-34F6-4FC3-9E2D-210633FE1707} = {09734656-93E7-93B1-A2F5-3066A08F773B}
		{9B409B65-CA6D-45E9-9FFC-6F540B1562B2} = {09734656-93E7-93B1-A2F5-3066A08F773B}
		{DAF4F5B6-5686-453D-9A8D-DABD48AF4FFE} = {09734656-93E7-93B1-A2F5-3066A08F773B}
		{02EA681E-C7D8-13C7-8484-4AC65E1B71E8} = {984BB9B3-3FA3-BE33-9484-CAC21695A33C}
		{2DB34A1D-AA95-4E72-B078-8990838DF930} = {02EA681E-C7D8-13C7-8484-4AC65E1B71E8}
		{ACBDC496-EC72-463C-A751-E96CCD755E97} = {5E7EC0AF-E837-5B7A-FB41-A4DCCA877D1F}
	EndGlobalSection
	GlobalSection(ExtensibilityGlobals) = postSolution
		SolutionGuid = {7B78C610-CFBA-4D61-A80C-D796B32E65C4}
	EndGlobalSection
EndGlobal
